{
  "name": "src",
  "lockfileVersion": 3,
  "requires": true,
  "packages": {
    "": {
      "devDependencies": {
        "flexbox-grid-mixins": "^0.3.4"
      }
    },
    "node_modules/flexbox-grid-mixins": {
      "version": "0.3.4",
      "resolved": "https://registry.npmjs.org/flexbox-grid-mixins/-/flexbox-grid-mixins-0.3.4.tgz",
      "integrity": "sha512-RjtmsfUD40vqTMhHZ5B5Aomxs9SqedKJTxixkkde972qMoIxxv1csdU3kJrdqGscbvBI53waS7Exwbu9TostCg==",
      "dev": true
    }
  }
}
